
Microsoft Visual Studio Solution File, Format Version 12.00
# Visual Studio Version 16
VisualStudioVersion = 16.0.31911.196
MinimumVisualStudioVersion = 10.0.40219.1
Project("{9A19103F-16F7-4668-BE54-9A1E7A4F7556}") = "ForumWeb", "ForumWeb\ForumWeb.csproj", "{221E9021-59CC-4296-AB5D-ADB83E32A36A}"
EndProject
Project("{9A19103F-16F7-4668-BE54-9A1E7A4F7556}") = "ForumService", "ForumService\ForumService.csproj", "{89A9A627-0EFD-40C2-885F-DEEF4BFBF81F}"
EndProject
Project("{9A19103F-16F7-4668-BE54-9A1E7A4F7556}") = "ForumData", "ForumData\ForumData.csproj", "{F57BF50C-2E01-4AFA-8023-93D1DB22D862}"
EndProject
Global
	GlobalSection(SolutionConfigurationPlatforms) = preSolution
		Debug|Any CPU = Debug|Any CPU
		Release|Any CPU = Release|Any CPU
	EndGlobalSection
	GlobalSection(ProjectConfigurationPlatforms) = postSolution
		{221E9021-59CC-4296-AB5D-ADB83E32A36A}.Debug|Any CPU.ActiveCfg = Debug|Any CPU
		{221E9021-59CC-4296-AB5D-ADB83E32A36A}.Debug|Any CPU.Build.0 = Debug|Any CPU
		{221E9021-59CC-4296-AB5D-ADB83E32A36A}.Release|Any CPU.ActiveCfg = Release|Any CPU
		{221E9021-59CC-4296-AB5D-ADB83E32A36A}.Release|Any CPU.Build.0 = Release|Any CPU
		{89A9A627-0EFD-40C2-885F-DEEF4BFBF81F}.Debug|Any CPU.ActiveCfg = Debug|Any CPU
		{89A9A627-0EFD-40C2-885F-DEEF4BFBF81F}.Debug|Any CPU.Build.0 = Debug|Any CPU
		{89A9A627-0EFD-40C2-885F-DEEF4BFBF81F}.Release|Any CPU.ActiveCfg = Release|Any CPU
		{89A9A627-0EFD-40C2-885F-DEEF4BFBF81F}.Release|Any CPU.Build.0 = Release|Any CPU
		{F57BF50C-2E01-4AFA-8023-93D1DB22D862}.Debug|Any CPU.ActiveCfg = Debug|Any CPU
		{F57BF50C-2E01-4AFA-8023-93D1DB22D862}.Debug|Any CPU.Build.0 = Debug|Any CPU
		{F57BF50C-2E01-4AFA-8023-93D1DB22D862}.Release|Any CPU.ActiveCfg = Release|Any CPU
		{F57BF50C-2E01-4AFA-8023-93D1DB22D862}.Release|Any CPU.Build.0 = Release|Any CPU
	EndGlobalSection
	GlobalSection(SolutionProperties) = preSolution
		HideSolutionNode = FALSE
	EndGlobalSection
	GlobalSection(ExtensibilityGlobals) = postSolution
		SolutionGuid = {1E898677-E209-45EC-AC01-1103F74A8047}
	EndGlobalSection
EndGlobal
